
Microsoft Visual Studio Solution File, Format Version 12.00
# Visual Studio Version 17
VisualStudioVersion = 17.0.31903.59
MinimumVisualStudioVersion = 10.0.40219.1
Project("{FAE04EC0-301F-11D3-BF4B-00C04F79EFBC}") = "Miticax.Entidades", "Miticax.Entidades\Miticax.Entidades.csproj", "{B79609D0-97FF-4FEF-9D8C-096F9B74B262}"
EndProject
Project("{FAE04EC0-301F-11D3-BF4B-00C04F79EFBC}") = "Miticax.Datos", "Miticax.Datos\Miticax.Datos.csproj", "{745A0B7F-AF4D-4238-967C-88390DDD43D1}"
EndProject
Project("{FAE04EC0-301F-11D3-BF4B-00C04F79EFBC}") = "Miticax.Logica", "Miticax.Logica\Miticax.Logica.csproj", "{E9BC35F6-E708-4FE5-AB63-E1F3E0695EA6}"
EndProject
Project("{FAE04EC0-301F-11D3-BF4B-00C04F79EFBC}") = "Miticax.Presentacion", "Miticax.Presentacion\Miticax.Presentacion.csproj", "{04842F97-D3C4-4975-9824-CF1CDCAD57F2}"
EndProject
Global
	GlobalSection(SolutionConfigurationPlatforms) = preSolution
		Debug|Any CPU = Debug|Any CPU
		Debug|x64 = Debug|x64
		Debug|x86 = Debug|x86
		Release|Any CPU = Release|Any CPU
		Release|x64 = Release|x64
		Release|x86 = Release|x86
	EndGlobalSection
	GlobalSection(ProjectConfigurationPlatforms) = postSolution
		{B79609D0-97FF-4FEF-9D8C-096F9B74B262}.Debug|Any CPU.ActiveCfg = Debug|Any CPU
		{B79609D0-97FF-4FEF-9D8C-096F9B74B262}.Debug|Any CPU.Build.0 = Debug|Any CPU
		{B79609D0-97FF-4FEF-9D8C-096F9B74B262}.Debug|x64.ActiveCfg = Debug|Any CPU
		{B79609D0-97FF-4FEF-9D8C-096F9B74B262}.Debug|x64.Build.0 = Debug|Any CPU
		{B79609D0-97FF-4FEF-9D8C-096F9B74B262}.Debug|x86.ActiveCfg = Debug|Any CPU
		{B79609D0-97FF-4FEF-9D8C-096F9B74B262}.Debug|x86.Build.0 = Debug|Any CPU
		{B79609D0-97FF-4FEF-9D8C-096F9B74B262}.Release|Any CPU.ActiveCfg = Release|Any CPU
		{B79609D0-97FF-4FEF-9D8C-096F9B74B262}.Release|Any CPU.Build.0 = Release|Any CPU
		{B79609D0-97FF-4FEF-9D8C-096F9B74B262}.Release|x64.ActiveCfg = Release|Any CPU
		{B79609D0-97FF-4FEF-9D8C-096F9B74B262}.Release|x64.Build.0 = Release|Any CPU
		{B79609D0-97FF-4FEF-9D8C-096F9B74B262}.Release|x86.ActiveCfg = Release|Any CPU
		{B79609D0-97FF-4FEF-9D8C-096F9B74B262}.Release|x86.Build.0 = Release|Any CPU
		{745A0B7F-AF4D-4238-967C-88390DDD43D1}.Debug|Any CPU.ActiveCfg = Debug|Any CPU
		{745A0B7F-AF4D-4238-967C-88390DDD43D1}.Debug|Any CPU.Build.0 = Debug|Any CPU
		{745A0B7F-AF4D-4238-967C-88390DDD43D1}.Debug|x64.ActiveCfg = Debug|Any CPU
		{745A0B7F-AF4D-4238-967C-88390DDD43D1}.Debug|x64.Build.0 = Debug|Any CPU
		{745A0B7F-AF4D-4238-967C-88390DDD43D1}.Debug|x86.ActiveCfg = Debug|Any CPU
		{745A0B7F-AF4D-4238-967C-88390DDD43D1}.Debug|x86.Build.0 = Debug|Any CPU
		{745A0B7F-AF4D-4238-967C-88390DDD43D1}.Release|Any CPU.ActiveCfg = Release|Any CPU
		{745A0B7F-AF4D-4238-967C-88390DDD43D1}.Release|Any CPU.Build.0 = Release|Any CPU
		{745A0B7F-AF4D-4238-967C-88390DDD43D1}.Release|x64.ActiveCfg = Release|Any CPU
		{745A0B7F-AF4D-4238-967C-88390DDD43D1}.Release|x64.Build.0 = Release|Any CPU
		{745A0B7F-AF4D-4238-967C-88390DDD43D1}.Release|x86.ActiveCfg = Release|Any CPU
		{745A0B7F-AF4D-4238-967C-88390DDD43D1}.Release|x86.Build.0 = Release|Any CPU
		{E9BC35F6-E708-4FE5-AB63-E1F3E0695EA6}.Debug|Any CPU.ActiveCfg = Debug|Any CPU
		{E9BC35F6-E708-4FE5-AB63-E1F3E0695EA6}.Debug|Any CPU.Build.0 = Debug|Any CPU
		{E9BC35F6-E708-4FE5-AB63-E1F3E0695EA6}.Debug|x64.ActiveCfg = Debug|Any CPU
		{E9BC35F6-E708-4FE5-AB63-E1F3E0695EA6}.Debug|x64.Build.0 = Debug|Any CPU
		{E9BC35F6-E708-4FE5-AB63-E1F3E0695EA6}.Debug|x86.ActiveCfg = Debug|Any CPU
		{E9BC35F6-E708-4FE5-AB63-E1F3E0695EA6}.Debug|x86.Build.0 = Debug|Any CPU
		{E9BC35F6-E708-4FE5-AB63-E1F3E0695EA6}.Release|Any CPU.ActiveCfg = Release|Any CPU
		{E9BC35F6-E708-4FE5-AB63-E1F3E0695EA6}.Release|Any CPU.Build.0 = Release|Any CPU
		{E9BC35F6-E708-4FE5-AB63-E1F3E0695EA6}.Release|x64.ActiveCfg = Release|Any CPU
		{E9BC35F6-E708-4FE5-AB63-E1F3E0695EA6}.Release|x64.Build.0 = Release|Any CPU
		{E9BC35F6-E708-4FE5-AB63-E1F3E0695EA6}.Release|x86.ActiveCfg = Release|Any CPU
		{E9BC35F6-E708-4FE5-AB63-E1F3E0695EA6}.Release|x86.Build.0 = Release|Any CPU
		{04842F97-D3C4-4975-9824-CF1CDCAD57F2}.Debug|Any CPU.ActiveCfg = Debug|Any CPU
		{04842F97-D3C4-4975-9824-CF1CDCAD57F2}.Debug|Any CPU.Build.0 = Debug|Any CPU
		{04842F97-D3C4-4975-9824-CF1CDCAD57F2}.Debug|x64.ActiveCfg = Debug|Any CPU
		{04842F97-D3C4-4975-9824-CF1CDCAD57F2}.Debug|x64.Build.0 = Debug|Any CPU
		{04842F97-D3C4-4975-9824-CF1CDCAD57F2}.Debug|x86.ActiveCfg = Debug|Any CPU
		{04842F97-D3C4-4975-9824-CF1CDCAD57F2}.Debug|x86.Build.0 = Debug|Any CPU
		{04842F97-D3C4-4975-9824-CF1CDCAD57F2}.Release|Any CPU.ActiveCfg = Release|Any CPU
		{04842F97-D3C4-4975-9824-CF1CDCAD57F2}.Release|Any CPU.Build.0 = Release|Any CPU
		{04842F97-D3C4-4975-9824-CF1CDCAD57F2}.Release|x64.ActiveCfg = Release|Any CPU
		{04842F97-D3C4-4975-9824-CF1CDCAD57F2}.Release|x64.Build.0 = Release|Any CPU
		{04842F97-D3C4-4975-9824-CF1CDCAD57F2}.Release|x86.ActiveCfg = Release|Any CPU
		{04842F97-D3C4-4975-9824-CF1CDCAD57F2}.Release|x86.Build.0 = Release|Any CPU
	EndGlobalSection
	GlobalSection(SolutionProperties) = preSolution
		HideSolutionNode = FALSE
	EndGlobalSection
EndGlobal
